
Microsoft Visual Studio Solution File, Format Version 12.00
# Visual Studio Version 16
VisualStudioVersion = 16.0.31911.196
MinimumVisualStudioVersion = 10.0.40219.1
Project("{9A19103F-16F7-4668-BE54-9A1E7A4F7556}") = "AutonomousStorageControlSystem", "AutonomousStorageControlSystem\AutonomousStorageControlSystem.csproj", "{2270C542-9CD3-46A4-9129-BE849D9B5B92}"
EndProject
Project("{9A19103F-16F7-4668-BE54-9A1E7A4F7556}") = "ApriltagSharp", "ApriltagSharp\ApriltagSharp.csproj", "{F176D274-603E-4CAC-A099-0926AA50484C}"
EndProject
Project("{9A19103F-16F7-4668-BE54-9A1E7A4F7556}") = "WinFormASCSVisionTest", "WinFormASCSVisionTest\WinFormASCSVisionTest.csproj", "{D52C809E-D67A-41DF-A0F7-7E137FB7E5E7}"
EndProject
Project("{9A19103F-16F7-4668-BE54-9A1E7A4F7556}") = "TransmissionDataNotation", "TransmissionDataNotation\TransmissionDataNotation.csproj", "{E5F8F328-5CD9-4BEC-ABBB-4AD005A3F9F1}"
EndProject
Project("{9A19103F-16F7-4668-BE54-9A1E7A4F7556}") = "VehicleTerminal", "VehicleTerminal\VehicleTerminal.csproj", "{3EBEA5F4-F4BD-42B3-926C-F3616267C2FF}"
EndProject
Project("{FAE04EC0-301F-11D3-BF4B-00C04F79EFBC}") = "RemoteVehicleControls", "RemoteVehicleControls\RemoteVehicleControls.csproj", "{97880567-8705-40F1-AA81-6075DE4A5EA7}"
EndProject
Global
	GlobalSection(SolutionConfigurationPlatforms) = preSolution
		Debug|Any CPU = Debug|Any CPU
		Release|Any CPU = Release|Any CPU
	EndGlobalSection
	GlobalSection(ProjectConfigurationPlatforms) = postSolution
		{2270C542-9CD3-46A4-9129-BE849D9B5B92}.Debug|Any CPU.ActiveCfg = Debug|Any CPU
		{2270C542-9CD3-46A4-9129-BE849D9B5B92}.Debug|Any CPU.Build.0 = Debug|Any CPU
		{2270C542-9CD3-46A4-9129-BE849D9B5B92}.Release|Any CPU.ActiveCfg = Release|Any CPU
		{2270C542-9CD3-46A4-9129-BE849D9B5B92}.Release|Any CPU.Build.0 = Release|Any CPU
		{F176D274-603E-4CAC-A099-0926AA50484C}.Debug|Any CPU.ActiveCfg = Debug|Any CPU
		{F176D274-603E-4CAC-A099-0926AA50484C}.Debug|Any CPU.Build.0 = Debug|Any CPU
		{F176D274-603E-4CAC-A099-0926AA50484C}.Release|Any CPU.ActiveCfg = Release|Any CPU
		{F176D274-603E-4CAC-A099-0926AA50484C}.Release|Any CPU.Build.0 = Release|Any CPU
		{D52C809E-D67A-41DF-A0F7-7E137FB7E5E7}.Debug|Any CPU.ActiveCfg = Debug|Any CPU
		{D52C809E-D67A-41DF-A0F7-7E137FB7E5E7}.Debug|Any CPU.Build.0 = Debug|Any CPU
		{D52C809E-D67A-41DF-A0F7-7E137FB7E5E7}.Release|Any CPU.ActiveCfg = Release|Any CPU
		{D52C809E-D67A-41DF-A0F7-7E137FB7E5E7}.Release|Any CPU.Build.0 = Release|Any CPU
		{E5F8F328-5CD9-4BEC-ABBB-4AD005A3F9F1}.Debug|Any CPU.ActiveCfg = Debug|Any CPU
		{E5F8F328-5CD9-4BEC-ABBB-4AD005A3F9F1}.Debug|Any CPU.Build.0 = Debug|Any CPU
		{E5F8F328-5CD9-4BEC-ABBB-4AD005A3F9F1}.Release|Any CPU.ActiveCfg = Release|Any CPU
		{E5F8F328-5CD9-4BEC-ABBB-4AD005A3F9F1}.Release|Any CPU.Build.0 = Release|Any CPU
		{3EBEA5F4-F4BD-42B3-926C-F3616267C2FF}.Debug|Any CPU.ActiveCfg = Debug|Any CPU
		{3EBEA5F4-F4BD-42B3-926C-F3616267C2FF}.Debug|Any CPU.Build.0 = Debug|Any CPU
		{3EBEA5F4-F4BD-42B3-926C-F3616267C2FF}.Release|Any CPU.ActiveCfg = Release|Any CPU
		{3EBEA5F4-F4BD-42B3-926C-F3616267C2FF}.Release|Any CPU.Build.0 = Release|Any CPU
		{97880567-8705-40F1-AA81-6075DE4A5EA7}.Debug|Any CPU.ActiveCfg = Debug|Any CPU
		{97880567-8705-40F1-AA81-6075DE4A5EA7}.Debug|Any CPU.Build.0 = Debug|Any CPU
		{97880567-8705-40F1-AA81-6075DE4A5EA7}.Release|Any CPU.ActiveCfg = Release|Any CPU
		{97880567-8705-40F1-AA81-6075DE4A5EA7}.Release|Any CPU.Build.0 = Release|Any CPU
	EndGlobalSection
	GlobalSection(SolutionProperties) = preSolution
		HideSolutionNode = FALSE
	EndGlobalSection
	GlobalSection(ExtensibilityGlobals) = postSolution
		SolutionGuid = {F64BBC01-A7A9-4351-84D1-C016CB949134}
	EndGlobalSection
EndGlobal
